
Microsoft Visual Studio Solution File, Format Version 12.00
# Visual Studio Version 17
VisualStudioVersion = 17.1.32328.378
MinimumVisualStudioVersion = 10.0.40219.1
Project("{9A19103F-16F7-4668-BE54-9A1E7A4F7556}") = "Tedd.MOS65xx.Emulator", "Tedd.MOS65xx.Emulator\Tedd.MOS65xx.Emulator.csproj", "{4F990D00-E144-4336-A00C-B03598DC3EDE}"
EndProject
Project("{9A19103F-16F7-4668-BE54-9A1E7A4F7556}") = "Tedd.MOS65xx.GUI", "Tedd.MOS65xx.GUI\Tedd.MOS65xx.GUI.csproj", "{B37DD93E-A6BE-422B-9773-C3FC0C85CB05}"
EndProject
Project("{9A19103F-16F7-4668-BE54-9A1E7A4F7556}") = "Tedd.MOS65xx.Tests", "Tedd.MOS65xx.Tests\Tedd.MOS65xx.Tests.csproj", "{90026E06-CA4C-45B1-9215-9F14025071F4}"
EndProject
Project("{9A19103F-16F7-4668-BE54-9A1E7A4F7556}") = "Tedd.WriteableBitmap", "..\..\Tedd.WritableBitmap\src\Tedd.WriteableBitmap\Tedd.WriteableBitmap.csproj", "{66455112-A311-4B06-9FF5-EDEE63460897}"
EndProject
Global
	GlobalSection(SolutionConfigurationPlatforms) = preSolution
		Debug|Any CPU = Debug|Any CPU
		Release|Any CPU = Release|Any CPU
	EndGlobalSection
	GlobalSection(ProjectConfigurationPlatforms) = postSolution
		{4F990D00-E144-4336-A00C-B03598DC3EDE}.Debug|Any CPU.ActiveCfg = Debug|Any CPU
		{4F990D00-E144-4336-A00C-B03598DC3EDE}.Debug|Any CPU.Build.0 = Debug|Any CPU
		{4F990D00-E144-4336-A00C-B03598DC3EDE}.Release|Any CPU.ActiveCfg = Release|Any CPU
		{4F990D00-E144-4336-A00C-B03598DC3EDE}.Release|Any CPU.Build.0 = Release|Any CPU
		{B37DD93E-A6BE-422B-9773-C3FC0C85CB05}.Debug|Any CPU.ActiveCfg = Debug|Any CPU
		{B37DD93E-A6BE-422B-9773-C3FC0C85CB05}.Debug|Any CPU.Build.0 = Debug|Any CPU
		{B37DD93E-A6BE-422B-9773-C3FC0C85CB05}.Release|Any CPU.ActiveCfg = Release|Any CPU
		{B37DD93E-A6BE-422B-9773-C3FC0C85CB05}.Release|Any CPU.Build.0 = Release|Any CPU
		{90026E06-CA4C-45B1-9215-9F14025071F4}.Debug|Any CPU.ActiveCfg = Debug|Any CPU
		{90026E06-CA4C-45B1-9215-9F14025071F4}.Debug|Any CPU.Build.0 = Debug|Any CPU
		{90026E06-CA4C-45B1-9215-9F14025071F4}.Release|Any CPU.ActiveCfg = Release|Any CPU
		{90026E06-CA4C-45B1-9215-9F14025071F4}.Release|Any CPU.Build.0 = Release|Any CPU
		{66455112-A311-4B06-9FF5-EDEE63460897}.Debug|Any CPU.ActiveCfg = Debug|Any CPU
		{66455112-A311-4B06-9FF5-EDEE63460897}.Debug|Any CPU.Build.0 = Debug|Any CPU
		{66455112-A311-4B06-9FF5-EDEE63460897}.Release|Any CPU.ActiveCfg = Release|Any CPU
		{66455112-A311-4B06-9FF5-EDEE63460897}.Release|Any CPU.Build.0 = Release|Any CPU
	EndGlobalSection
	GlobalSection(SolutionProperties) = preSolution
		HideSolutionNode = FALSE
	EndGlobalSection
	GlobalSection(ExtensibilityGlobals) = postSolution
		SolutionGuid = {FF55676B-1E77-43B1-9DDD-D2E3B73BA05D}
	EndGlobalSection
EndGlobal
